
Microsoft Visual Studio Solution File, Format Version 12.00
# Visual Studio Version 17
VisualStudioVersion = 17.11.35327.3
MinimumVisualStudioVersion = 10.0.40219.1
Project("{9A19103F-16F7-4668-BE54-9A1E7A4F7556}") = "IFCStructuralAnalyzer.Domain", "IFCStructuralAnalyzer.Domain\IFCStructuralAnalyzer.Domain.csproj", "{DC030CE2-00E2-4B5D-AC3D-574376DD3C2C}"
EndProject
Project("{9A19103F-16F7-4668-BE54-9A1E7A4F7556}") = "IFCStructuralAnalyzer.Application", "IFCStructuralAnalyzer.Application\IFCStructuralAnalyzer.Application.csproj", "{39AFB6A2-C700-4DEE-8062-415C41FE9055}"
EndProject
Project("{9A19103F-16F7-4668-BE54-9A1E7A4F7556}") = "IFCStructuralAnalyzer.Infrastructure", "IFCStructuralAnalyzer.Infrastructure\IFCStructuralAnalyzer.Infrastructure.csproj", "{6CDD93FE-3801-47D4-9451-B83CBEA46703}"
EndProject
Project("{FAE04EC0-301F-11D3-BF4B-00C04F79EFBC}") = "IFCStructuralAnalyzer.Presentation", "IFCStructuralAnalyzer.Presentation\IFCStructuralAnalyzer.Presentation.csproj", "{A14C4852-EDEE-480F-8D52-D7FACF52F157}"
EndProject
Global
	GlobalSection(SolutionConfigurationPlatforms) = preSolution
		Debug|Any CPU = Debug|Any CPU
		Release|Any CPU = Release|Any CPU
	EndGlobalSection
	GlobalSection(ProjectConfigurationPlatforms) = postSolution
		{DC030CE2-00E2-4B5D-AC3D-574376DD3C2C}.Debug|Any CPU.ActiveCfg = Debug|Any CPU
		{DC030CE2-00E2-4B5D-AC3D-574376DD3C2C}.Debug|Any CPU.Build.0 = Debug|Any CPU
		{DC030CE2-00E2-4B5D-AC3D-574376DD3C2C}.Release|Any CPU.ActiveCfg = Release|Any CPU
		{DC030CE2-00E2-4B5D-AC3D-574376DD3C2C}.Release|Any CPU.Build.0 = Release|Any CPU
		{39AFB6A2-C700-4DEE-8062-415C41FE9055}.Debug|Any CPU.ActiveCfg = Debug|Any CPU
		{39AFB6A2-C700-4DEE-8062-415C41FE9055}.Debug|Any CPU.Build.0 = Debug|Any CPU
		{39AFB6A2-C700-4DEE-8062-415C41FE9055}.Release|Any CPU.ActiveCfg = Release|Any CPU
		{39AFB6A2-C700-4DEE-8062-415C41FE9055}.Release|Any CPU.Build.0 = Release|Any CPU
		{6CDD93FE-3801-47D4-9451-B83CBEA46703}.Debug|Any CPU.ActiveCfg = Debug|Any CPU
		{6CDD93FE-3801-47D4-9451-B83CBEA46703}.Debug|Any CPU.Build.0 = Debug|Any CPU
		{6CDD93FE-3801-47D4-9451-B83CBEA46703}.Release|Any CPU.ActiveCfg = Release|Any CPU
		{6CDD93FE-3801-47D4-9451-B83CBEA46703}.Release|Any CPU.Build.0 = Release|Any CPU
		{A14C4852-EDEE-480F-8D52-D7FACF52F157}.Debug|Any CPU.ActiveCfg = Debug|Any CPU
		{A14C4852-EDEE-480F-8D52-D7FACF52F157}.Debug|Any CPU.Build.0 = Debug|Any CPU
		{A14C4852-EDEE-480F-8D52-D7FACF52F157}.Release|Any CPU.ActiveCfg = Release|Any CPU
		{A14C4852-EDEE-480F-8D52-D7FACF52F157}.Release|Any CPU.Build.0 = Release|Any CPU
	EndGlobalSection
	GlobalSection(SolutionProperties) = preSolution
		HideSolutionNode = FALSE
	EndGlobalSection
	GlobalSection(ExtensibilityGlobals) = postSolution
		SolutionGuid = {8462F8E1-B6AD-4371-836E-94FB2D676F19}
	EndGlobalSection
EndGlobal
